
Microsoft Visual Studio Solution File, Format Version 12.00
# Visual Studio 15
Project("{FAE04EC0-301F-11D3-BF4B-00C04F79EFBC}") = "Assembly-CSharp", "Assembly-CSharp.csproj", "{4E18D1D2-A259-3DD0-2400-14BC6A94E9D6}"
EndProject
Project("{FAE04EC0-301F-11D3-BF4B-00C04F79EFBC}") = "Assembly-CSharp", "Assembly-CSharp.Player.csproj", "{A43080A8-E72C-E008-A4C6-A591F2C5874A}"
EndProject
Global
	GlobalSection(SolutionConfigurationPlatforms) = preSolution
		Debug|Any CPU = Debug|Any CPU
		Release|Any CPU = Release|Any CPU
	EndGlobalSection
	GlobalSection(ProjectConfigurationPlatforms) = postSolution
		{4E18D1D2-A259-3DD0-2400-14BC6A94E9D6}.Debug|Any CPU.ActiveCfg = Debug|Any CPU
		{4E18D1D2-A259-3DD0-2400-14BC6A94E9D6}.Debug|Any CPU.Build.0 = Debug|Any CPU
		{4E18D1D2-A259-3DD0-2400-14BC6A94E9D6}.Release|Any CPU.ActiveCfg = Release|Any CPU
		{4E18D1D2-A259-3DD0-2400-14BC6A94E9D6}.Release|Any CPU.Build.0 = Release|Any CPU
		{A43080A8-E72C-E008-A4C6-A591F2C5874A}.Debug|Any CPU.ActiveCfg = Debug|Any CPU
		{A43080A8-E72C-E008-A4C6-A591F2C5874A}.Debug|Any CPU.Build.0 = Debug|Any CPU
		{A43080A8-E72C-E008-A4C6-A591F2C5874A}.Release|Any CPU.ActiveCfg = Release|Any CPU
		{A43080A8-E72C-E008-A4C6-A591F2C5874A}.Release|Any CPU.Build.0 = Release|Any CPU
	EndGlobalSection
	GlobalSection(SolutionProperties) = preSolution
		HideSolutionNode = FALSE
	EndGlobalSection
EndGlobal
